Microsoft Visual Studio Solution File, Format Version 10.00
# Visual Studio 2008
Project("{8BC9CEB8-8B4A-11D0-8D11-00A0C91BC942}") = "FarNetMan", "FarNetMan\FarNetMan.vcproj", "{A5F07EDB-2242-4A92-BFD1-48396007C625}"
EndProject
Project("{FAE04EC0-301F-11D3-BF4B-00C04F79EFBC}") = "FarNet", "FarNet\FarNet.csproj", "{264744C1-B6FF-4B75-8AD0-0920BCCFF3D3}"
EndProject
Global
	GlobalSection(SolutionConfigurationPlatforms) = preSolution
		Debug|Win32 = Debug|Win32
		Debug|x64 = Debug|x64
		Release|Win32 = Release|Win32
		Release|x64 = Release|x64
	EndGlobalSection
	GlobalSection(ProjectConfigurationPlatforms) = postSolution
		{A5F07EDB-2242-4A92-BFD1-48396007C625}.Debug|Win32.ActiveCfg = Debug|Win32
		{A5F07EDB-2242-4A92-BFD1-48396007C625}.Debug|Win32.Build.0 = Debug|Win32
		{A5F07EDB-2242-4A92-BFD1-48396007C625}.Debug|x64.ActiveCfg = Debug|x64
		{A5F07EDB-2242-4A92-BFD1-48396007C625}.Debug|x64.Build.0 = Debug|x64
		{A5F07EDB-2242-4A92-BFD1-48396007C625}.Release|Win32.ActiveCfg = Release|Win32
		{A5F07EDB-2242-4A92-BFD1-48396007C625}.Release|Win32.Build.0 = Release|Win32
		{A5F07EDB-2242-4A92-BFD1-48396007C625}.Release|x64.ActiveCfg = Release|x64
		{A5F07EDB-2242-4A92-BFD1-48396007C625}.Release|x64.Build.0 = Release|x64
		{264744C1-B6FF-4B75-8AD0-0920BCCFF3D3}.Debug|Win32.ActiveCfg = Debug|Any CPU
		{264744C1-B6FF-4B75-8AD0-0920BCCFF3D3}.Debug|Win32.Build.0 = Debug|Any CPU
		{264744C1-B6FF-4B75-8AD0-0920BCCFF3D3}.Debug|x64.ActiveCfg = Debug|Any CPU
		{264744C1-B6FF-4B75-8AD0-0920BCCFF3D3}.Debug|x64.Build.0 = Debug|Any CPU
		{264744C1-B6FF-4B75-8AD0-0920BCCFF3D3}.Release|Win32.ActiveCfg = Release|Any CPU
		{264744C1-B6FF-4B75-8AD0-0920BCCFF3D3}.Release|Win32.Build.0 = Release|Any CPU
		{264744C1-B6FF-4B75-8AD0-0920BCCFF3D3}.Release|x64.ActiveCfg = Release|Any CPU
		{264744C1-B6FF-4B75-8AD0-0920BCCFF3D3}.Release|x64.Build.0 = Release|Any CPU
	EndGlobalSection
	GlobalSection(SolutionProperties) = preSolution
		HideSolutionNode = FALSE
	EndGlobalSection
EndGlobal
