<Solution>
  <Configurations>
    <Platform Name="Any CPU" />
    <Platform Name="Win32" />
    <Platform Name="x64" />
  </Configurations>
  <Project Path="FarNet/FarNet/FarNet.csproj" />
  <Project Path="FarNet/FarNetMan/FarNetMan.vcxproj" />
  <Project Path="FarNet/FarNetTest/FarNetTest.csproj" />
  <Project Path="PowerShellFar/PowerShellFar.csproj">
    <BuildDependency Project="FarNet/FarNetMan/FarNetMan.vcxproj" />
  </Project>
</Solution>
