Microsoft Visual Studio Solution File, Format Version 10.00
# Visual Studio 2008
Project("{8BC9CEB8-8B4A-11D0-8D11-00A0C91BC942}") = "FarNetMan", "FarNetMan\FarNetMan.vcproj", "{A5F07EDB-2242-4A92-BFD1-48396007C625}"
	ProjectSection(ProjectDependencies) = postProject
		{752846B8-08B9-4D22-97B5-0F2C8020FB51} = {752846B8-08B9-4D22-97B5-0F2C8020FB51}
	EndProjectSection
EndProject
Project("{FAE04EC0-301F-11D3-BF4B-00C04F79EFBC}") = "FarNet", "FarNet\FarNet.csproj", "{264744C1-B6FF-4B75-8AD0-0920BCCFF3D3}"
EndProject
Project("{FAE04EC0-301F-11D3-BF4B-00C04F79EFBC}") = "FarNet.Works", "FarNet.Works\FarNet.Works.csproj", "{752846B8-08B9-4D22-97B5-0F2C8020FB51}"
EndProject
Global
	GlobalSection(SolutionConfigurationPlatforms) = preSolution
		Debug|Any CPU = Debug|Any CPU
		Debug|Mixed Platforms = Debug|Mixed Platforms
		Debug|Win32 = Debug|Win32
		Debug|x64 = Debug|x64
		Release|Any CPU = Release|Any CPU
		Release|Mixed Platforms = Release|Mixed Platforms
		Release|Win32 = Release|Win32
		Release|x64 = Release|x64
	EndGlobalSection
	GlobalSection(ProjectConfigurationPlatforms) = postSolution
		{A5F07EDB-2242-4A92-BFD1-48396007C625}.Debug|Any CPU.ActiveCfg = Debug|x64
		{A5F07EDB-2242-4A92-BFD1-48396007C625}.Debug|Mixed Platforms.ActiveCfg = Debug|x64
		{A5F07EDB-2242-4A92-BFD1-48396007C625}.Debug|Mixed Platforms.Build.0 = Debug|x64
		{A5F07EDB-2242-4A92-BFD1-48396007C625}.Debug|Win32.ActiveCfg = Debug|Win32
		{A5F07EDB-2242-4A92-BFD1-48396007C625}.Debug|Win32.Build.0 = Debug|Win32
		{A5F07EDB-2242-4A92-BFD1-48396007C625}.Debug|x64.ActiveCfg = Debug|x64
		{A5F07EDB-2242-4A92-BFD1-48396007C625}.Debug|x64.Build.0 = Debug|x64
		{A5F07EDB-2242-4A92-BFD1-48396007C625}.Release|Any CPU.ActiveCfg = Release|x64
		{A5F07EDB-2242-4A92-BFD1-48396007C625}.Release|Mixed Platforms.ActiveCfg = Release|x64
		{A5F07EDB-2242-4A92-BFD1-48396007C625}.Release|Mixed Platforms.Build.0 = Release|x64
		{A5F07EDB-2242-4A92-BFD1-48396007C625}.Release|Win32.ActiveCfg = Release|Win32
		{A5F07EDB-2242-4A92-BFD1-48396007C625}.Release|Win32.Build.0 = Release|Win32
		{A5F07EDB-2242-4A92-BFD1-48396007C625}.Release|x64.ActiveCfg = Release|x64
		{A5F07EDB-2242-4A92-BFD1-48396007C625}.Release|x64.Build.0 = Release|x64
		{264744C1-B6FF-4B75-8AD0-0920BCCFF3D3}.Debug|Any CPU.ActiveCfg = Debug|Any CPU
		{264744C1-B6FF-4B75-8AD0-0920BCCFF3D3}.Debug|Any CPU.Build.0 = Debug|Any CPU
		{264744C1-B6FF-4B75-8AD0-0920BCCFF3D3}.Debug|Mixed Platforms.ActiveCfg = Debug|Any CPU
		{264744C1-B6FF-4B75-8AD0-0920BCCFF3D3}.Debug|Mixed Platforms.Build.0 = Debug|Any CPU
		{264744C1-B6FF-4B75-8AD0-0920BCCFF3D3}.Debug|Win32.ActiveCfg = Debug|Any CPU
		{264744C1-B6FF-4B75-8AD0-0920BCCFF3D3}.Debug|Win32.Build.0 = Debug|Any CPU
		{264744C1-B6FF-4B75-8AD0-0920BCCFF3D3}.Debug|x64.ActiveCfg = Debug|Any CPU
		{264744C1-B6FF-4B75-8AD0-0920BCCFF3D3}.Debug|x64.Build.0 = Debug|Any CPU
		{264744C1-B6FF-4B75-8AD0-0920BCCFF3D3}.Release|Any CPU.ActiveCfg = Release|Any CPU
		{264744C1-B6FF-4B75-8AD0-0920BCCFF3D3}.Release|Any CPU.Build.0 = Release|Any CPU
		{264744C1-B6FF-4B75-8AD0-0920BCCFF3D3}.Release|Mixed Platforms.ActiveCfg = Release|Any CPU
		{264744C1-B6FF-4B75-8AD0-0920BCCFF3D3}.Release|Mixed Platforms.Build.0 = Release|Any CPU
		{264744C1-B6FF-4B75-8AD0-0920BCCFF3D3}.Release|Win32.ActiveCfg = Release|Any CPU
		{264744C1-B6FF-4B75-8AD0-0920BCCFF3D3}.Release|Win32.Build.0 = Release|Any CPU
		{264744C1-B6FF-4B75-8AD0-0920BCCFF3D3}.Release|x64.ActiveCfg = Release|Any CPU
		{264744C1-B6FF-4B75-8AD0-0920BCCFF3D3}.Release|x64.Build.0 = Release|Any CPU
		{752846B8-08B9-4D22-97B5-0F2C8020FB51}.Debug|Any CPU.ActiveCfg = Debug|Any CPU
		{752846B8-08B9-4D22-97B5-0F2C8020FB51}.Debug|Any CPU.Build.0 = Debug|Any CPU
		{752846B8-08B9-4D22-97B5-0F2C8020FB51}.Debug|Mixed Platforms.ActiveCfg = Debug|Any CPU
		{752846B8-08B9-4D22-97B5-0F2C8020FB51}.Debug|Mixed Platforms.Build.0 = Debug|Any CPU
		{752846B8-08B9-4D22-97B5-0F2C8020FB51}.Debug|Win32.ActiveCfg = Debug|Any CPU
		{752846B8-08B9-4D22-97B5-0F2C8020FB51}.Debug|x64.ActiveCfg = Debug|Any CPU
		{752846B8-08B9-4D22-97B5-0F2C8020FB51}.Debug|x64.Build.0 = Debug|Any CPU
		{752846B8-08B9-4D22-97B5-0F2C8020FB51}.Release|Any CPU.ActiveCfg = Release|Any CPU
		{752846B8-08B9-4D22-97B5-0F2C8020FB51}.Release|Any CPU.Build.0 = Release|Any CPU
		{752846B8-08B9-4D22-97B5-0F2C8020FB51}.Release|Mixed Platforms.ActiveCfg = Release|Any CPU
		{752846B8-08B9-4D22-97B5-0F2C8020FB51}.Release|Mixed Platforms.Build.0 = Release|Any CPU
		{752846B8-08B9-4D22-97B5-0F2C8020FB51}.Release|Win32.ActiveCfg = Release|Any CPU
		{752846B8-08B9-4D22-97B5-0F2C8020FB51}.Release|x64.ActiveCfg = Release|Any CPU
		{752846B8-08B9-4D22-97B5-0F2C8020FB51}.Release|x64.Build.0 = Release|Any CPU
	EndGlobalSection
	GlobalSection(SolutionProperties) = preSolution
		HideSolutionNode = FALSE
	EndGlobalSection
EndGlobal
