
Microsoft Visual Studio Solution File, Format Version 11.00
# Visual Studio 2010
Project("{FAE04EC0-301F-11D3-BF4B-00C04F79EFBC}") = "RightWords", "RightWords.csproj", "{CA7ECDC0-F446-4BFF-A99D-06C90FE0A3A9}"
EndProject
Project("{2150E333-8FDC-42A3-9474-1A3956D46DE8}") = "Solution Items", "Solution Items", "{5C047EE2-5E79-4AF3-947D-A94EE21D6F01}"
	ProjectSection(SolutionItems) = preProject
		Install-RightWordsMacro-.ps1 = Install-RightWordsMacro-.ps1
	EndProjectSection
EndProject
Global
	GlobalSection(SolutionConfigurationPlatforms) = preSolution
		Debug|Any CPU = Debug|Any CPU
		Release|Any CPU = Release|Any CPU
	EndGlobalSection
	GlobalSection(ProjectConfigurationPlatforms) = postSolution
		{CA7ECDC0-F446-4BFF-A99D-06C90FE0A3A9}.Debug|Any CPU.ActiveCfg = Debug|Any CPU
		{CA7ECDC0-F446-4BFF-A99D-06C90FE0A3A9}.Debug|Any CPU.Build.0 = Debug|Any CPU
		{CA7ECDC0-F446-4BFF-A99D-06C90FE0A3A9}.Release|Any CPU.ActiveCfg = Release|Any CPU
		{CA7ECDC0-F446-4BFF-A99D-06C90FE0A3A9}.Release|Any CPU.Build.0 = Release|Any CPU
	EndGlobalSection
	GlobalSection(SolutionProperties) = preSolution
		HideSolutionNode = FALSE
	EndGlobalSection
EndGlobal
