
Microsoft Visual Studio Solution File, Format Version 11.00
# Visual Studio 2010
Project("{2150E333-8FDC-42A3-9474-1A3956D46DE8}") = "Solution Items", "Solution Items", "{41B8AD22-D6A2-4056-92DD-7BC963D754DC}"
	ProjectSection(SolutionItems) = preProject
		FarNet\Build.proj = FarNet\Build.proj
		FarNet\Far.exe.config = FarNet\Far.exe.config
		FarNet\FarNetMan\FarNetMan.hlf = FarNet\FarNetMan\FarNetMan.hlf
		PowerShellFar\Resources\PowerShellFar.ps1 = PowerShellFar\Resources\PowerShellFar.ps1
	EndProjectSection
EndProject
Project("{FAE04EC0-301F-11D3-BF4B-00C04F79EFBC}") = "PowerShellFar", "PowerShellFar\PowerShellFar.csproj", "{602C5210-AF86-471A-BF19-35C0D5A71719}"
	ProjectSection(ProjectDependencies) = postProject
		{A5F07EDB-2242-4A92-BFD1-48396007C625} = {A5F07EDB-2242-4A92-BFD1-48396007C625}
	EndProjectSection
EndProject
Project("{FAE04EC0-301F-11D3-BF4B-00C04F79EFBC}") = "FarNet", "FarNet\FarNet\FarNet.csproj", "{264744C1-B6FF-4B75-8AD0-0920BCCFF3D3}"
EndProject
Project("{8BC9CEB8-8B4A-11D0-8D11-00A0C91BC942}") = "FarNetMan", "FarNet\FarNetMan\FarNetMan.vcxproj", "{A5F07EDB-2242-4A92-BFD1-48396007C625}"
EndProject
Project("{8BC9CEB8-8B4A-11D0-8D11-00A0C91BC942}") = "Build", "Build.vcxproj", "{A253D0DE-1626-4E50-A3D1-8C0A533901B3}"
	ProjectSection(ProjectDependencies) = postProject
		{A9D3605F-2853-4F71-A34A-6EFF4941AA90} = {A9D3605F-2853-4F71-A34A-6EFF4941AA90}
		{3FEFB36E-496D-4DA9-B185-1DE4683B5BA1} = {3FEFB36E-496D-4DA9-B185-1DE4683B5BA1}
	EndProjectSection
EndProject
Project("{FAE04EC0-301F-11D3-BF4B-00C04F79EFBC}") = "FarMacro", "PowerShellFar\Modules\FarMacro\FarMacro.csproj", "{6223B3D5-A0CA-4DD1-9CD3-D7D394B55DA6}"
EndProject
Project("{FAE04EC0-301F-11D3-BF4B-00C04F79EFBC}") = "FarDescription", "PowerShellFar\Modules\FarDescription\FarDescription.csproj", "{F1D6E33D-67F2-4B80-9C8C-D1AF502D1131}"
EndProject
Project("{FAE04EC0-301F-11D3-BF4B-00C04F79EFBC}") = "FarNet.Works.Config", "FarNet\FarNet.Works.Config\FarNet.Works.Config.csproj", "{752846B8-08B9-4D22-97B5-0F2C8020FB51}"
EndProject
Project("{FAE04EC0-301F-11D3-BF4B-00C04F79EFBC}") = "FarNet.Works.Registry", "FarNet\FarNet.Works.Registry\FarNet.Works.Registry.csproj", "{B08734AC-7DF8-4326-90DD-6A4024D5CD03}"
EndProject
Project("{FAE04EC0-301F-11D3-BF4B-00C04F79EFBC}") = "FarNet.Works.Manager", "FarNet\FarNet.Works.Manager\FarNet.Works.Manager.csproj", "{516A2D89-4E77-4F24-89C2-A6D9E1C36998}"
EndProject
Project("{FAE04EC0-301F-11D3-BF4B-00C04F79EFBC}") = "FarNet.Works.Macros", "FarNet\FarNet.Works.Macros\FarNet.Works.Macros.csproj", "{5EA73F95-44BD-47F4-9E03-A9287B1716C9}"
EndProject
Project("{FAE04EC0-301F-11D3-BF4B-00C04F79EFBC}") = "FarNet.Works.Dialog", "FarNet\FarNet.Works.Dialog\FarNet.Works.Dialog.csproj", "{0BE8F8D1-F15A-4C53-BD71-4BC6E5005EF7}"
EndProject
Project("{FAE04EC0-301F-11D3-BF4B-00C04F79EFBC}") = "FarNet.Works.Editor", "FarNet\FarNet.Works.Editor\FarNet.Works.Editor.csproj", "{E95736AD-A80B-42D0-BE74-095F7A558BC0}"
EndProject
Project("{FAE04EC0-301F-11D3-BF4B-00C04F79EFBC}") = "FarNet.Works.Panels", "FarNet\FarNet.Works.Panels\FarNet.Works.Panels.csproj", "{054F6FF3-F3F6-41CA-B2AF-D791411261D1}"
EndProject
Project("{FAE04EC0-301F-11D3-BF4B-00C04F79EFBC}") = "FarNet.Tools", "FarNet\FarNet.Tools\FarNet.Tools.csproj", "{3FEFB36E-496D-4DA9-B185-1DE4683B5BA1}"
EndProject
Project("{FAE04EC0-301F-11D3-BF4B-00C04F79EFBC}") = "FarNet.Settings", "FarNet\FarNet.Settings\FarNet.Settings.csproj", "{A9D3605F-2853-4F71-A34A-6EFF4941AA90}"
EndProject
Global
	GlobalSection(SolutionConfigurationPlatforms) = preSolution
		Debug|Any CPU = Debug|Any CPU
		Debug|Mixed Platforms = Debug|Mixed Platforms
		Debug|Win32 = Debug|Win32
		Debug|x64 = Debug|x64
		Release|Any CPU = Release|Any CPU
		Release|Mixed Platforms = Release|Mixed Platforms
		Release|Win32 = Release|Win32
		Release|x64 = Release|x64
	EndGlobalSection
	GlobalSection(ProjectConfigurationPlatforms) = postSolution
		{602C5210-AF86-471A-BF19-35C0D5A71719}.Debug|Any CPU.ActiveCfg = Debug|Any CPU
		{602C5210-AF86-471A-BF19-35C0D5A71719}.Debug|Any CPU.Build.0 = Debug|Any CPU
		{602C5210-AF86-471A-BF19-35C0D5A71719}.Debug|Mixed Platforms.ActiveCfg = Debug|Any CPU
		{602C5210-AF86-471A-BF19-35C0D5A71719}.Debug|Mixed Platforms.Build.0 = Debug|Any CPU
		{602C5210-AF86-471A-BF19-35C0D5A71719}.Debug|Win32.ActiveCfg = Debug|Any CPU
		{602C5210-AF86-471A-BF19-35C0D5A71719}.Debug|Win32.Build.0 = Debug|Any CPU
		{602C5210-AF86-471A-BF19-35C0D5A71719}.Debug|x64.ActiveCfg = Debug|Any CPU
		{602C5210-AF86-471A-BF19-35C0D5A71719}.Debug|x64.Build.0 = Debug|Any CPU
		{602C5210-AF86-471A-BF19-35C0D5A71719}.Release|Any CPU.ActiveCfg = Release|Any CPU
		{602C5210-AF86-471A-BF19-35C0D5A71719}.Release|Any CPU.Build.0 = Release|Any CPU
		{602C5210-AF86-471A-BF19-35C0D5A71719}.Release|Mixed Platforms.ActiveCfg = Release|Any CPU
		{602C5210-AF86-471A-BF19-35C0D5A71719}.Release|Mixed Platforms.Build.0 = Release|Any CPU
		{602C5210-AF86-471A-BF19-35C0D5A71719}.Release|Win32.ActiveCfg = Release|Any CPU
		{602C5210-AF86-471A-BF19-35C0D5A71719}.Release|Win32.Build.0 = Release|Any CPU
		{602C5210-AF86-471A-BF19-35C0D5A71719}.Release|x64.ActiveCfg = Release|Any CPU
		{602C5210-AF86-471A-BF19-35C0D5A71719}.Release|x64.Build.0 = Release|Any CPU
		{264744C1-B6FF-4B75-8AD0-0920BCCFF3D3}.Debug|Any CPU.ActiveCfg = Debug|Any CPU
		{264744C1-B6FF-4B75-8AD0-0920BCCFF3D3}.Debug|Any CPU.Build.0 = Debug|Any CPU
		{264744C1-B6FF-4B75-8AD0-0920BCCFF3D3}.Debug|Mixed Platforms.ActiveCfg = Debug|Any CPU
		{264744C1-B6FF-4B75-8AD0-0920BCCFF3D3}.Debug|Mixed Platforms.Build.0 = Debug|Any CPU
		{264744C1-B6FF-4B75-8AD0-0920BCCFF3D3}.Debug|Win32.ActiveCfg = Debug|Any CPU
		{264744C1-B6FF-4B75-8AD0-0920BCCFF3D3}.Debug|Win32.Build.0 = Debug|Any CPU
		{264744C1-B6FF-4B75-8AD0-0920BCCFF3D3}.Debug|x64.ActiveCfg = Debug|Any CPU
		{264744C1-B6FF-4B75-8AD0-0920BCCFF3D3}.Debug|x64.Build.0 = Debug|Any CPU
		{264744C1-B6FF-4B75-8AD0-0920BCCFF3D3}.Release|Any CPU.ActiveCfg = Release|Any CPU
		{264744C1-B6FF-4B75-8AD0-0920BCCFF3D3}.Release|Any CPU.Build.0 = Release|Any CPU
		{264744C1-B6FF-4B75-8AD0-0920BCCFF3D3}.Release|Mixed Platforms.ActiveCfg = Release|Any CPU
		{264744C1-B6FF-4B75-8AD0-0920BCCFF3D3}.Release|Mixed Platforms.Build.0 = Release|Any CPU
		{264744C1-B6FF-4B75-8AD0-0920BCCFF3D3}.Release|Win32.ActiveCfg = Release|Any CPU
		{264744C1-B6FF-4B75-8AD0-0920BCCFF3D3}.Release|Win32.Build.0 = Release|Any CPU
		{264744C1-B6FF-4B75-8AD0-0920BCCFF3D3}.Release|x64.ActiveCfg = Release|Any CPU
		{264744C1-B6FF-4B75-8AD0-0920BCCFF3D3}.Release|x64.Build.0 = Release|Any CPU
		{A5F07EDB-2242-4A92-BFD1-48396007C625}.Debug|Any CPU.ActiveCfg = Debug|x64
		{A5F07EDB-2242-4A92-BFD1-48396007C625}.Debug|Mixed Platforms.ActiveCfg = Debug|x64
		{A5F07EDB-2242-4A92-BFD1-48396007C625}.Debug|Mixed Platforms.Build.0 = Debug|x64
		{A5F07EDB-2242-4A92-BFD1-48396007C625}.Debug|Win32.ActiveCfg = Debug|Win32
		{A5F07EDB-2242-4A92-BFD1-48396007C625}.Debug|Win32.Build.0 = Debug|Win32
		{A5F07EDB-2242-4A92-BFD1-48396007C625}.Debug|x64.ActiveCfg = Debug|x64
		{A5F07EDB-2242-4A92-BFD1-48396007C625}.Debug|x64.Build.0 = Debug|x64
		{A5F07EDB-2242-4A92-BFD1-48396007C625}.Release|Any CPU.ActiveCfg = Release|x64
		{A5F07EDB-2242-4A92-BFD1-48396007C625}.Release|Mixed Platforms.ActiveCfg = Release|x64
		{A5F07EDB-2242-4A92-BFD1-48396007C625}.Release|Mixed Platforms.Build.0 = Release|x64
		{A5F07EDB-2242-4A92-BFD1-48396007C625}.Release|Win32.ActiveCfg = Release|Win32
		{A5F07EDB-2242-4A92-BFD1-48396007C625}.Release|Win32.Build.0 = Release|Win32
		{A5F07EDB-2242-4A92-BFD1-48396007C625}.Release|x64.ActiveCfg = Release|x64
		{A5F07EDB-2242-4A92-BFD1-48396007C625}.Release|x64.Build.0 = Release|x64
		{A253D0DE-1626-4E50-A3D1-8C0A533901B3}.Debug|Any CPU.ActiveCfg = Debug|x64
		{A253D0DE-1626-4E50-A3D1-8C0A533901B3}.Debug|Mixed Platforms.ActiveCfg = Debug|x64
		{A253D0DE-1626-4E50-A3D1-8C0A533901B3}.Debug|Mixed Platforms.Build.0 = Debug|x64
		{A253D0DE-1626-4E50-A3D1-8C0A533901B3}.Debug|Win32.ActiveCfg = Debug|Win32
		{A253D0DE-1626-4E50-A3D1-8C0A533901B3}.Debug|Win32.Build.0 = Debug|Win32
		{A253D0DE-1626-4E50-A3D1-8C0A533901B3}.Debug|x64.ActiveCfg = Debug|x64
		{A253D0DE-1626-4E50-A3D1-8C0A533901B3}.Debug|x64.Build.0 = Debug|x64
		{A253D0DE-1626-4E50-A3D1-8C0A533901B3}.Release|Any CPU.ActiveCfg = Release|x64
		{A253D0DE-1626-4E50-A3D1-8C0A533901B3}.Release|Mixed Platforms.ActiveCfg = Release|x64
		{A253D0DE-1626-4E50-A3D1-8C0A533901B3}.Release|Mixed Platforms.Build.0 = Release|x64
		{A253D0DE-1626-4E50-A3D1-8C0A533901B3}.Release|Win32.ActiveCfg = Release|Win32
		{A253D0DE-1626-4E50-A3D1-8C0A533901B3}.Release|Win32.Build.0 = Release|Win32
		{A253D0DE-1626-4E50-A3D1-8C0A533901B3}.Release|x64.ActiveCfg = Release|x64
		{A253D0DE-1626-4E50-A3D1-8C0A533901B3}.Release|x64.Build.0 = Release|x64
		{6223B3D5-A0CA-4DD1-9CD3-D7D394B55DA6}.Debug|Any CPU.ActiveCfg = Debug|Any CPU
		{6223B3D5-A0CA-4DD1-9CD3-D7D394B55DA6}.Debug|Any CPU.Build.0 = Debug|Any CPU
		{6223B3D5-A0CA-4DD1-9CD3-D7D394B55DA6}.Debug|Mixed Platforms.ActiveCfg = Debug|Any CPU
		{6223B3D5-A0CA-4DD1-9CD3-D7D394B55DA6}.Debug|Mixed Platforms.Build.0 = Debug|Any CPU
		{6223B3D5-A0CA-4DD1-9CD3-D7D394B55DA6}.Debug|Win32.ActiveCfg = Debug|Any CPU
		{6223B3D5-A0CA-4DD1-9CD3-D7D394B55DA6}.Debug|Win32.Build.0 = Debug|Any CPU
		{6223B3D5-A0CA-4DD1-9CD3-D7D394B55DA6}.Debug|x64.ActiveCfg = Debug|Any CPU
		{6223B3D5-A0CA-4DD1-9CD3-D7D394B55DA6}.Debug|x64.Build.0 = Debug|Any CPU
		{6223B3D5-A0CA-4DD1-9CD3-D7D394B55DA6}.Release|Any CPU.ActiveCfg = Release|Any CPU
		{6223B3D5-A0CA-4DD1-9CD3-D7D394B55DA6}.Release|Any CPU.Build.0 = Release|Any CPU
		{6223B3D5-A0CA-4DD1-9CD3-D7D394B55DA6}.Release|Mixed Platforms.ActiveCfg = Release|Any CPU
		{6223B3D5-A0CA-4DD1-9CD3-D7D394B55DA6}.Release|Mixed Platforms.Build.0 = Release|Any CPU
		{6223B3D5-A0CA-4DD1-9CD3-D7D394B55DA6}.Release|Win32.ActiveCfg = Release|Any CPU
		{6223B3D5-A0CA-4DD1-9CD3-D7D394B55DA6}.Release|Win32.Build.0 = Release|Any CPU
		{6223B3D5-A0CA-4DD1-9CD3-D7D394B55DA6}.Release|x64.ActiveCfg = Release|Any CPU
		{6223B3D5-A0CA-4DD1-9CD3-D7D394B55DA6}.Release|x64.Build.0 = Release|Any CPU
		{F1D6E33D-67F2-4B80-9C8C-D1AF502D1131}.Debug|Any CPU.ActiveCfg = Debug|Any CPU
		{F1D6E33D-67F2-4B80-9C8C-D1AF502D1131}.Debug|Any CPU.Build.0 = Debug|Any CPU
		{F1D6E33D-67F2-4B80-9C8C-D1AF502D1131}.Debug|Mixed Platforms.ActiveCfg = Debug|Any CPU
		{F1D6E33D-67F2-4B80-9C8C-D1AF502D1131}.Debug|Mixed Platforms.Build.0 = Debug|Any CPU
		{F1D6E33D-67F2-4B80-9C8C-D1AF502D1131}.Debug|Win32.ActiveCfg = Debug|Any CPU
		{F1D6E33D-67F2-4B80-9C8C-D1AF502D1131}.Debug|Win32.Build.0 = Debug|Any CPU
		{F1D6E33D-67F2-4B80-9C8C-D1AF502D1131}.Debug|x64.ActiveCfg = Debug|Any CPU
		{F1D6E33D-67F2-4B80-9C8C-D1AF502D1131}.Debug|x64.Build.0 = Debug|Any CPU
		{F1D6E33D-67F2-4B80-9C8C-D1AF502D1131}.Release|Any CPU.ActiveCfg = Release|Any CPU
		{F1D6E33D-67F2-4B80-9C8C-D1AF502D1131}.Release|Any CPU.Build.0 = Release|Any CPU
		{F1D6E33D-67F2-4B80-9C8C-D1AF502D1131}.Release|Mixed Platforms.ActiveCfg = Release|Any CPU
		{F1D6E33D-67F2-4B80-9C8C-D1AF502D1131}.Release|Mixed Platforms.Build.0 = Release|Any CPU
		{F1D6E33D-67F2-4B80-9C8C-D1AF502D1131}.Release|Win32.ActiveCfg = Release|Any CPU
		{F1D6E33D-67F2-4B80-9C8C-D1AF502D1131}.Release|Win32.Build.0 = Release|Any CPU
		{F1D6E33D-67F2-4B80-9C8C-D1AF502D1131}.Release|x64.ActiveCfg = Release|Any CPU
		{F1D6E33D-67F2-4B80-9C8C-D1AF502D1131}.Release|x64.Build.0 = Release|Any CPU
		{752846B8-08B9-4D22-97B5-0F2C8020FB51}.Debug|Any CPU.ActiveCfg = Debug|Any CPU
		{752846B8-08B9-4D22-97B5-0F2C8020FB51}.Debug|Any CPU.Build.0 = Debug|Any CPU
		{752846B8-08B9-4D22-97B5-0F2C8020FB51}.Debug|Mixed Platforms.ActiveCfg = Debug|Any CPU
		{752846B8-08B9-4D22-97B5-0F2C8020FB51}.Debug|Mixed Platforms.Build.0 = Debug|Any CPU
		{752846B8-08B9-4D22-97B5-0F2C8020FB51}.Debug|Win32.ActiveCfg = Debug|Any CPU
		{752846B8-08B9-4D22-97B5-0F2C8020FB51}.Debug|Win32.Build.0 = Debug|Any CPU
		{752846B8-08B9-4D22-97B5-0F2C8020FB51}.Debug|x64.ActiveCfg = Debug|Any CPU
		{752846B8-08B9-4D22-97B5-0F2C8020FB51}.Debug|x64.Build.0 = Debug|Any CPU
		{752846B8-08B9-4D22-97B5-0F2C8020FB51}.Release|Any CPU.ActiveCfg = Release|Any CPU
		{752846B8-08B9-4D22-97B5-0F2C8020FB51}.Release|Any CPU.Build.0 = Release|Any CPU
		{752846B8-08B9-4D22-97B5-0F2C8020FB51}.Release|Mixed Platforms.ActiveCfg = Release|Any CPU
		{752846B8-08B9-4D22-97B5-0F2C8020FB51}.Release|Mixed Platforms.Build.0 = Release|Any CPU
		{752846B8-08B9-4D22-97B5-0F2C8020FB51}.Release|Win32.ActiveCfg = Release|Any CPU
		{752846B8-08B9-4D22-97B5-0F2C8020FB51}.Release|Win32.Build.0 = Release|Any CPU
		{752846B8-08B9-4D22-97B5-0F2C8020FB51}.Release|x64.ActiveCfg = Release|Any CPU
		{752846B8-08B9-4D22-97B5-0F2C8020FB51}.Release|x64.Build.0 = Release|Any CPU
		{B08734AC-7DF8-4326-90DD-6A4024D5CD03}.Debug|Any CPU.ActiveCfg = Debug|Any CPU
		{B08734AC-7DF8-4326-90DD-6A4024D5CD03}.Debug|Any CPU.Build.0 = Debug|Any CPU
		{B08734AC-7DF8-4326-90DD-6A4024D5CD03}.Debug|Mixed Platforms.ActiveCfg = Debug|Any CPU
		{B08734AC-7DF8-4326-90DD-6A4024D5CD03}.Debug|Mixed Platforms.Build.0 = Debug|Any CPU
		{B08734AC-7DF8-4326-90DD-6A4024D5CD03}.Debug|Win32.ActiveCfg = Debug|Any CPU
		{B08734AC-7DF8-4326-90DD-6A4024D5CD03}.Debug|Win32.Build.0 = Debug|Any CPU
		{B08734AC-7DF8-4326-90DD-6A4024D5CD03}.Debug|x64.ActiveCfg = Debug|Any CPU
		{B08734AC-7DF8-4326-90DD-6A4024D5CD03}.Debug|x64.Build.0 = Debug|Any CPU
		{B08734AC-7DF8-4326-90DD-6A4024D5CD03}.Release|Any CPU.ActiveCfg = Release|Any CPU
		{B08734AC-7DF8-4326-90DD-6A4024D5CD03}.Release|Any CPU.Build.0 = Release|Any CPU
		{B08734AC-7DF8-4326-90DD-6A4024D5CD03}.Release|Mixed Platforms.ActiveCfg = Release|Any CPU
		{B08734AC-7DF8-4326-90DD-6A4024D5CD03}.Release|Mixed Platforms.Build.0 = Release|Any CPU
		{B08734AC-7DF8-4326-90DD-6A4024D5CD03}.Release|Win32.ActiveCfg = Release|Any CPU
		{B08734AC-7DF8-4326-90DD-6A4024D5CD03}.Release|Win32.Build.0 = Release|Any CPU
		{B08734AC-7DF8-4326-90DD-6A4024D5CD03}.Release|x64.ActiveCfg = Release|Any CPU
		{B08734AC-7DF8-4326-90DD-6A4024D5CD03}.Release|x64.Build.0 = Release|Any CPU
		{516A2D89-4E77-4F24-89C2-A6D9E1C36998}.Debug|Any CPU.ActiveCfg = Debug|Any CPU
		{516A2D89-4E77-4F24-89C2-A6D9E1C36998}.Debug|Any CPU.Build.0 = Debug|Any CPU
		{516A2D89-4E77-4F24-89C2-A6D9E1C36998}.Debug|Mixed Platforms.ActiveCfg = Debug|Any CPU
		{516A2D89-4E77-4F24-89C2-A6D9E1C36998}.Debug|Mixed Platforms.Build.0 = Debug|Any CPU
		{516A2D89-4E77-4F24-89C2-A6D9E1C36998}.Debug|Win32.ActiveCfg = Debug|Any CPU
		{516A2D89-4E77-4F24-89C2-A6D9E1C36998}.Debug|Win32.Build.0 = Debug|Any CPU
		{516A2D89-4E77-4F24-89C2-A6D9E1C36998}.Debug|x64.ActiveCfg = Debug|Any CPU
		{516A2D89-4E77-4F24-89C2-A6D9E1C36998}.Debug|x64.Build.0 = Debug|Any CPU
		{516A2D89-4E77-4F24-89C2-A6D9E1C36998}.Release|Any CPU.ActiveCfg = Release|Any CPU
		{516A2D89-4E77-4F24-89C2-A6D9E1C36998}.Release|Any CPU.Build.0 = Release|Any CPU
		{516A2D89-4E77-4F24-89C2-A6D9E1C36998}.Release|Mixed Platforms.ActiveCfg = Release|Any CPU
		{516A2D89-4E77-4F24-89C2-A6D9E1C36998}.Release|Mixed Platforms.Build.0 = Release|Any CPU
		{516A2D89-4E77-4F24-89C2-A6D9E1C36998}.Release|Win32.ActiveCfg = Release|Any CPU
		{516A2D89-4E77-4F24-89C2-A6D9E1C36998}.Release|Win32.Build.0 = Release|Any CPU
		{516A2D89-4E77-4F24-89C2-A6D9E1C36998}.Release|x64.ActiveCfg = Release|Any CPU
		{516A2D89-4E77-4F24-89C2-A6D9E1C36998}.Release|x64.Build.0 = Release|Any CPU
		{5EA73F95-44BD-47F4-9E03-A9287B1716C9}.Debug|Any CPU.ActiveCfg = Debug|Any CPU
		{5EA73F95-44BD-47F4-9E03-A9287B1716C9}.Debug|Any CPU.Build.0 = Debug|Any CPU
		{5EA73F95-44BD-47F4-9E03-A9287B1716C9}.Debug|Mixed Platforms.ActiveCfg = Debug|Any CPU
		{5EA73F95-44BD-47F4-9E03-A9287B1716C9}.Debug|Mixed Platforms.Build.0 = Debug|Any CPU
		{5EA73F95-44BD-47F4-9E03-A9287B1716C9}.Debug|Win32.ActiveCfg = Debug|Any CPU
		{5EA73F95-44BD-47F4-9E03-A9287B1716C9}.Debug|Win32.Build.0 = Debug|Any CPU
		{5EA73F95-44BD-47F4-9E03-A9287B1716C9}.Debug|x64.ActiveCfg = Debug|Any CPU
		{5EA73F95-44BD-47F4-9E03-A9287B1716C9}.Debug|x64.Build.0 = Debug|Any CPU
		{5EA73F95-44BD-47F4-9E03-A9287B1716C9}.Release|Any CPU.ActiveCfg = Release|Any CPU
		{5EA73F95-44BD-47F4-9E03-A9287B1716C9}.Release|Any CPU.Build.0 = Release|Any CPU
		{5EA73F95-44BD-47F4-9E03-A9287B1716C9}.Release|Mixed Platforms.ActiveCfg = Release|Any CPU
		{5EA73F95-44BD-47F4-9E03-A9287B1716C9}.Release|Mixed Platforms.Build.0 = Release|Any CPU
		{5EA73F95-44BD-47F4-9E03-A9287B1716C9}.Release|Win32.ActiveCfg = Release|Any CPU
		{5EA73F95-44BD-47F4-9E03-A9287B1716C9}.Release|Win32.Build.0 = Release|Any CPU
		{5EA73F95-44BD-47F4-9E03-A9287B1716C9}.Release|x64.ActiveCfg = Release|Any CPU
		{5EA73F95-44BD-47F4-9E03-A9287B1716C9}.Release|x64.Build.0 = Release|Any CPU
		{0BE8F8D1-F15A-4C53-BD71-4BC6E5005EF7}.Debug|Any CPU.ActiveCfg = Debug|Any CPU
		{0BE8F8D1-F15A-4C53-BD71-4BC6E5005EF7}.Debug|Any CPU.Build.0 = Debug|Any CPU
		{0BE8F8D1-F15A-4C53-BD71-4BC6E5005EF7}.Debug|Mixed Platforms.ActiveCfg = Debug|Any CPU
		{0BE8F8D1-F15A-4C53-BD71-4BC6E5005EF7}.Debug|Mixed Platforms.Build.0 = Debug|Any CPU
		{0BE8F8D1-F15A-4C53-BD71-4BC6E5005EF7}.Debug|Win32.ActiveCfg = Debug|Any CPU
		{0BE8F8D1-F15A-4C53-BD71-4BC6E5005EF7}.Debug|Win32.Build.0 = Debug|Any CPU
		{0BE8F8D1-F15A-4C53-BD71-4BC6E5005EF7}.Debug|x64.ActiveCfg = Debug|Any CPU
		{0BE8F8D1-F15A-4C53-BD71-4BC6E5005EF7}.Debug|x64.Build.0 = Debug|Any CPU
		{0BE8F8D1-F15A-4C53-BD71-4BC6E5005EF7}.Release|Any CPU.ActiveCfg = Release|Any CPU
		{0BE8F8D1-F15A-4C53-BD71-4BC6E5005EF7}.Release|Any CPU.Build.0 = Release|Any CPU
		{0BE8F8D1-F15A-4C53-BD71-4BC6E5005EF7}.Release|Mixed Platforms.ActiveCfg = Release|Any CPU
		{0BE8F8D1-F15A-4C53-BD71-4BC6E5005EF7}.Release|Mixed Platforms.Build.0 = Release|Any CPU
		{0BE8F8D1-F15A-4C53-BD71-4BC6E5005EF7}.Release|Win32.ActiveCfg = Release|Any CPU
		{0BE8F8D1-F15A-4C53-BD71-4BC6E5005EF7}.Release|Win32.Build.0 = Release|Any CPU
		{0BE8F8D1-F15A-4C53-BD71-4BC6E5005EF7}.Release|x64.ActiveCfg = Release|Any CPU
		{0BE8F8D1-F15A-4C53-BD71-4BC6E5005EF7}.Release|x64.Build.0 = Release|Any CPU
		{E95736AD-A80B-42D0-BE74-095F7A558BC0}.Debug|Any CPU.ActiveCfg = Debug|Any CPU
		{E95736AD-A80B-42D0-BE74-095F7A558BC0}.Debug|Any CPU.Build.0 = Debug|Any CPU
		{E95736AD-A80B-42D0-BE74-095F7A558BC0}.Debug|Mixed Platforms.ActiveCfg = Debug|Any CPU
		{E95736AD-A80B-42D0-BE74-095F7A558BC0}.Debug|Mixed Platforms.Build.0 = Debug|Any CPU
		{E95736AD-A80B-42D0-BE74-095F7A558BC0}.Debug|Win32.ActiveCfg = Debug|Any CPU
		{E95736AD-A80B-42D0-BE74-095F7A558BC0}.Debug|Win32.Build.0 = Debug|Any CPU
		{E95736AD-A80B-42D0-BE74-095F7A558BC0}.Debug|x64.ActiveCfg = Debug|Any CPU
		{E95736AD-A80B-42D0-BE74-095F7A558BC0}.Debug|x64.Build.0 = Debug|Any CPU
		{E95736AD-A80B-42D0-BE74-095F7A558BC0}.Release|Any CPU.ActiveCfg = Release|Any CPU
		{E95736AD-A80B-42D0-BE74-095F7A558BC0}.Release|Any CPU.Build.0 = Release|Any CPU
		{E95736AD-A80B-42D0-BE74-095F7A558BC0}.Release|Mixed Platforms.ActiveCfg = Release|Any CPU
		{E95736AD-A80B-42D0-BE74-095F7A558BC0}.Release|Mixed Platforms.Build.0 = Release|Any CPU
		{E95736AD-A80B-42D0-BE74-095F7A558BC0}.Release|Win32.ActiveCfg = Release|Any CPU
		{E95736AD-A80B-42D0-BE74-095F7A558BC0}.Release|Win32.Build.0 = Release|Any CPU
		{E95736AD-A80B-42D0-BE74-095F7A558BC0}.Release|x64.ActiveCfg = Release|Any CPU
		{E95736AD-A80B-42D0-BE74-095F7A558BC0}.Release|x64.Build.0 = Release|Any CPU
		{054F6FF3-F3F6-41CA-B2AF-D791411261D1}.Debug|Any CPU.ActiveCfg = Debug|Any CPU
		{054F6FF3-F3F6-41CA-B2AF-D791411261D1}.Debug|Any CPU.Build.0 = Debug|Any CPU
		{054F6FF3-F3F6-41CA-B2AF-D791411261D1}.Debug|Mixed Platforms.ActiveCfg = Debug|Any CPU
		{054F6FF3-F3F6-41CA-B2AF-D791411261D1}.Debug|Mixed Platforms.Build.0 = Debug|Any CPU
		{054F6FF3-F3F6-41CA-B2AF-D791411261D1}.Debug|Win32.ActiveCfg = Debug|Any CPU
		{054F6FF3-F3F6-41CA-B2AF-D791411261D1}.Debug|Win32.Build.0 = Debug|Any CPU
		{054F6FF3-F3F6-41CA-B2AF-D791411261D1}.Debug|x64.ActiveCfg = Debug|Any CPU
		{054F6FF3-F3F6-41CA-B2AF-D791411261D1}.Debug|x64.Build.0 = Debug|Any CPU
		{054F6FF3-F3F6-41CA-B2AF-D791411261D1}.Release|Any CPU.ActiveCfg = Release|Any CPU
		{054F6FF3-F3F6-41CA-B2AF-D791411261D1}.Release|Any CPU.Build.0 = Release|Any CPU
		{054F6FF3-F3F6-41CA-B2AF-D791411261D1}.Release|Mixed Platforms.ActiveCfg = Release|Any CPU
		{054F6FF3-F3F6-41CA-B2AF-D791411261D1}.Release|Mixed Platforms.Build.0 = Release|Any CPU
		{054F6FF3-F3F6-41CA-B2AF-D791411261D1}.Release|Win32.ActiveCfg = Release|Any CPU
		{054F6FF3-F3F6-41CA-B2AF-D791411261D1}.Release|Win32.Build.0 = Release|Any CPU
		{054F6FF3-F3F6-41CA-B2AF-D791411261D1}.Release|x64.ActiveCfg = Release|Any CPU
		{054F6FF3-F3F6-41CA-B2AF-D791411261D1}.Release|x64.Build.0 = Release|Any CPU
		{3FEFB36E-496D-4DA9-B185-1DE4683B5BA1}.Debug|Any CPU.ActiveCfg = Debug|Any CPU
		{3FEFB36E-496D-4DA9-B185-1DE4683B5BA1}.Debug|Any CPU.Build.0 = Debug|Any CPU
		{3FEFB36E-496D-4DA9-B185-1DE4683B5BA1}.Debug|Mixed Platforms.ActiveCfg = Debug|Any CPU
		{3FEFB36E-496D-4DA9-B185-1DE4683B5BA1}.Debug|Mixed Platforms.Build.0 = Debug|Any CPU
		{3FEFB36E-496D-4DA9-B185-1DE4683B5BA1}.Debug|Win32.ActiveCfg = Debug|Any CPU
		{3FEFB36E-496D-4DA9-B185-1DE4683B5BA1}.Debug|Win32.Build.0 = Debug|Any CPU
		{3FEFB36E-496D-4DA9-B185-1DE4683B5BA1}.Debug|x64.ActiveCfg = Debug|Any CPU
		{3FEFB36E-496D-4DA9-B185-1DE4683B5BA1}.Debug|x64.Build.0 = Debug|Any CPU
		{3FEFB36E-496D-4DA9-B185-1DE4683B5BA1}.Release|Any CPU.ActiveCfg = Release|Any CPU
		{3FEFB36E-496D-4DA9-B185-1DE4683B5BA1}.Release|Any CPU.Build.0 = Release|Any CPU
		{3FEFB36E-496D-4DA9-B185-1DE4683B5BA1}.Release|Mixed Platforms.ActiveCfg = Release|Any CPU
		{3FEFB36E-496D-4DA9-B185-1DE4683B5BA1}.Release|Mixed Platforms.Build.0 = Release|Any CPU
		{3FEFB36E-496D-4DA9-B185-1DE4683B5BA1}.Release|Win32.ActiveCfg = Release|Any CPU
		{3FEFB36E-496D-4DA9-B185-1DE4683B5BA1}.Release|Win32.Build.0 = Release|Any CPU
		{3FEFB36E-496D-4DA9-B185-1DE4683B5BA1}.Release|x64.ActiveCfg = Release|Any CPU
		{3FEFB36E-496D-4DA9-B185-1DE4683B5BA1}.Release|x64.Build.0 = Release|Any CPU
		{A9D3605F-2853-4F71-A34A-6EFF4941AA90}.Debug|Any CPU.ActiveCfg = Debug|Any CPU
		{A9D3605F-2853-4F71-A34A-6EFF4941AA90}.Debug|Any CPU.Build.0 = Debug|Any CPU
		{A9D3605F-2853-4F71-A34A-6EFF4941AA90}.Debug|Mixed Platforms.ActiveCfg = Debug|Any CPU
		{A9D3605F-2853-4F71-A34A-6EFF4941AA90}.Debug|Mixed Platforms.Build.0 = Debug|Any CPU
		{A9D3605F-2853-4F71-A34A-6EFF4941AA90}.Debug|Win32.ActiveCfg = Debug|Any CPU
		{A9D3605F-2853-4F71-A34A-6EFF4941AA90}.Debug|Win32.Build.0 = Debug|Any CPU
		{A9D3605F-2853-4F71-A34A-6EFF4941AA90}.Debug|x64.ActiveCfg = Debug|Any CPU
		{A9D3605F-2853-4F71-A34A-6EFF4941AA90}.Debug|x64.Build.0 = Debug|Any CPU
		{A9D3605F-2853-4F71-A34A-6EFF4941AA90}.Release|Any CPU.ActiveCfg = Release|Any CPU
		{A9D3605F-2853-4F71-A34A-6EFF4941AA90}.Release|Any CPU.Build.0 = Release|Any CPU
		{A9D3605F-2853-4F71-A34A-6EFF4941AA90}.Release|Mixed Platforms.ActiveCfg = Release|Any CPU
		{A9D3605F-2853-4F71-A34A-6EFF4941AA90}.Release|Mixed Platforms.Build.0 = Release|Any CPU
		{A9D3605F-2853-4F71-A34A-6EFF4941AA90}.Release|Win32.ActiveCfg = Release|Any CPU
		{A9D3605F-2853-4F71-A34A-6EFF4941AA90}.Release|Win32.Build.0 = Release|Any CPU
		{A9D3605F-2853-4F71-A34A-6EFF4941AA90}.Release|x64.ActiveCfg = Release|Any CPU
		{A9D3605F-2853-4F71-A34A-6EFF4941AA90}.Release|x64.Build.0 = Release|Any CPU
	EndGlobalSection
	GlobalSection(SolutionProperties) = preSolution
		HideSolutionNode = FALSE
	EndGlobalSection
EndGlobal
