
Microsoft Visual Studio Solution File, Format Version 11.00
# Visual Studio 2010
Project("{FAE04EC0-301F-11D3-BF4B-00C04F79EFBC}") = "FolderChart", "FolderChart.csproj", "{CC778317-F57F-4B4E-96DA-CE0773FD1428}"
EndProject
Global
	GlobalSection(SolutionConfigurationPlatforms) = preSolution
		Debug|Any CPU = Debug|Any CPU
		Release|Any CPU = Release|Any CPU
	EndGlobalSection
	GlobalSection(ProjectConfigurationPlatforms) = postSolution
		{CC778317-F57F-4B4E-96DA-CE0773FD1428}.Debug|Any CPU.ActiveCfg = Debug|Any CPU
		{CC778317-F57F-4B4E-96DA-CE0773FD1428}.Debug|Any CPU.Build.0 = Debug|Any CPU
		{CC778317-F57F-4B4E-96DA-CE0773FD1428}.Release|Any CPU.ActiveCfg = Release|Any CPU
		{CC778317-F57F-4B4E-96DA-CE0773FD1428}.Release|Any CPU.Build.0 = Release|Any CPU
	EndGlobalSection
	GlobalSection(SolutionProperties) = preSolution
		HideSolutionNode = FALSE
	EndGlobalSection
EndGlobal
